// !$*UTF8*$!
{
	archiveVersion = 1;
	classes = {
	};
	objectVersion = 56;
	objects = {

/* Begin PBXBuildFile section */
		DC27233F2A16FE5A002E1386 /* MenuView.swift in Sources */ = {isa = PBXBuildFile; fileRef = DC27233E2A16FE5A002E1386 /* MenuView.swift */; };
		DC9F04372A22F91E00A7024E /* Water.swift in Sources */ = {isa = PBXBuildFile; fileRef = DC9F04362A22F91E00A7024E /* Water.swift */; };
		F405A8BF29EDB63400D6E25B /* LifePalApp.swift in Sources */ = {isa = PBXBuildFile; fileRef = F405A8BE29EDB63400D6E25B /* LifePalApp.swift */; };
		F405A8C129EDB63400D6E25B /* MainView.swift in Sources */ = {isa = PBXBuildFile; fileRef = F405A8C029EDB63400D6E25B /* MainView.swift */; };
		F405A8C329EDB63500D6E25B /* Assets.xcassets in Resources */ = {isa = PBXBuildFile; fileRef = F405A8C229EDB63500D6E25B /* Assets.xcassets */; };
		F405A8C629EDB63500D6E25B /* Preview Assets.xcassets in Resources */ = {isa = PBXBuildFile; fileRef = F405A8C529EDB63500D6E25B /* Preview Assets.xcassets */; };
		F405A8D129EDB8A900D6E25B /* FoodView.swift in Sources */ = {isa = PBXBuildFile; fileRef = F405A8D029EDB8A900D6E25B /* FoodView.swift */; };
		F405A8D329EDB8BE00D6E25B /* WaterView.swift in Sources */ = {isa = PBXBuildFile; fileRef = F405A8D229EDB8BE00D6E25B /* WaterView.swift */; };
		F405A8D529EDB8CF00D6E25B /* SleepView.swift in Sources */ = {isa = PBXBuildFile; fileRef = F405A8D429EDB8CF00D6E25B /* SleepView.swift */; };
		F41DB3382A133B56004CC405 /* FullMenuSample.json in Resources */ = {isa = PBXBuildFile; fileRef = F41DB3372A133B56004CC405 /* FullMenuSample.json */; };
		F4397F592A01FDCF0065BD75 /* Enums.swift in Sources */ = {isa = PBXBuildFile; fileRef = F4397F582A01FDCF0065BD75 /* Enums.swift */; };
		F45DFC052A1467F200290975 /* FoodNutritionCellView.swift in Sources */ = {isa = PBXBuildFile; fileRef = F45DFBFF2A1467F200290975 /* FoodNutritionCellView.swift */; };
		F45DFC062A1467F200290975 /* FoodBadgeView.swift in Sources */ = {isa = PBXBuildFile; fileRef = F45DFC002A1467F200290975 /* FoodBadgeView.swift */; };
		F45DFC072A1467F200290975 /* FoodNutritionView.swift in Sources */ = {isa = PBXBuildFile; fileRef = F45DFC012A1467F200290975 /* FoodNutritionView.swift */; };
		F45DFC082A1467F200290975 /* DetailedFoodCell.swift in Sources */ = {isa = PBXBuildFile; fileRef = F45DFC022A1467F200290975 /* DetailedFoodCell.swift */; };
		F45DFC092A1467F200290975 /* SingleDetailedFoodCell.swift in Sources */ = {isa = PBXBuildFile; fileRef = F45DFC032A1467F200290975 /* SingleDetailedFoodCell.swift */; };
		F45DFC0B2A14692500290975 /* StringExtension.swift in Sources */ = {isa = PBXBuildFile; fileRef = F45DFC0A2A14692500290975 /* StringExtension.swift */; };
		F45DFC142A1469A200290975 /* GenericButtonWithLabelView.swift in Sources */ = {isa = PBXBuildFile; fileRef = F45DFC102A1469A200290975 /* GenericButtonWithLabelView.swift */; };
		F45DFC152A1469A200290975 /* GenericButtonWithoutLabel.swift in Sources */ = {isa = PBXBuildFile; fileRef = F45DFC112A1469A200290975 /* GenericButtonWithoutLabel.swift */; };
		F45DFC162A1469A200290975 /* ExpandButtonView.swift in Sources */ = {isa = PBXBuildFile; fileRef = F45DFC122A1469A200290975 /* ExpandButtonView.swift */; };
		F45DFC192A14741200290975 /* MLFoodRecommendationSample.json in Resources */ = {isa = PBXBuildFile; fileRef = F45DFC182A14741200290975 /* MLFoodRecommendationSample.json */; };
		F46A54F12A171FD900D114C8 /* MenuFoodCellView.swift in Sources */ = {isa = PBXBuildFile; fileRef = F46A54F02A171FD900D114C8 /* MenuFoodCellView.swift */; };
		F46B68FE2A1448AB00DB36A5 /* Category.swift in Sources */ = {isa = PBXBuildFile; fileRef = F46B68FD2A1448AB00DB36A5 /* Category.swift */; };
		F46B69002A1448D300DB36A5 /* Food.swift in Sources */ = {isa = PBXBuildFile; fileRef = F46B68FF2A1448D300DB36A5 /* Food.swift */; };
		F46B69022A144AA900DB36A5 /* MenuVM.swift in Sources */ = {isa = PBXBuildFile; fileRef = F46B69012A144AA900DB36A5 /* MenuVM.swift */; };
		F46B69042A144C1A00DB36A5 /* Links.swift in Sources */ = {isa = PBXBuildFile; fileRef = F46B69032A144C1A00DB36A5 /* Links.swift */; };
		F46B69062A144D3300DB36A5 /* DecodingExtension.swift in Sources */ = {isa = PBXBuildFile; fileRef = F46B69052A144D3300DB36A5 /* DecodingExtension.swift */; };
		F4F6EE2329FA0786002F9F87 /* HealthStoreManager.swift in Sources */ = {isa = PBXBuildFile; fileRef = F4F6EE2229FA0786002F9F87 /* HealthStoreManager.swift */; };
		F4FD20342A01A694002154A5 /* ProfileView.swift in Sources */ = {isa = PBXBuildFile; fileRef = F4FD20332A01A694002154A5 /* ProfileView.swift */; };
		F4FD20372A01D88E002154A5 /* HealthVM.swift in Sources */ = {isa = PBXBuildFile; fileRef = F4FD20362A01D88E002154A5 /* HealthVM.swift */; };
		F4FD20392A01E180002154A5 /* ProfileViewDataCell.swift in Sources */ = {isa = PBXBuildFile; fileRef = F4FD20382A01E180002154A5 /* ProfileViewDataCell.swift */; };
/* End PBXBuildFile section */

/* Begin PBXFileReference section */
		DC27233E2A16FE5A002E1386 /* MenuView.swift */ = {isa = PBXFileReference; lastKnownFileType = sourcecode.swift; path = MenuView.swift; sourceTree = "<group>"; };
		DC9F04362A22F91E00A7024E /* Water.swift */ = {isa = PBXFileReference; lastKnownFileType = sourcecode.swift; path = Water.swift; sourceTree = "<group>"; };
		F405A8BB29EDB63400D6E25B /* LifePal.app */ = {isa = PBXFileReference; explicitFileType = wrapper.application; includeInIndex = 0; path = LifePal.app; sourceTree = BUILT_PRODUCTS_DIR; };
		F405A8BE29EDB63400D6E25B /* LifePalApp.swift */ = {isa = PBXFileReference; lastKnownFileType = sourcecode.swift; path = LifePalApp.swift; sourceTree = "<group>"; };
		F405A8C029EDB63400D6E25B /* MainView.swift */ = {isa = PBXFileReference; lastKnownFileType = sourcecode.swift; path = MainView.swift; sourceTree = "<group>"; };
		F405A8C229EDB63500D6E25B /* Assets.xcassets */ = {isa = PBXFileReference; lastKnownFileType = folder.assetcatalog; path = Assets.xcassets; sourceTree = "<group>"; };
		F405A8C529EDB63500D6E25B /* Preview Assets.xcassets */ = {isa = PBXFileReference; lastKnownFileType = folder.assetcatalog; path = "Preview Assets.xcassets"; sourceTree = "<group>"; };
		F405A8D029EDB8A900D6E25B /* FoodView.swift */ = {isa = PBXFileReference; lastKnownFileType = sourcecode.swift; path = FoodView.swift; sourceTree = "<group>"; };
		F405A8D229EDB8BE00D6E25B /* WaterView.swift */ = {isa = PBXFileReference; lastKnownFileType = sourcecode.swift; path = WaterView.swift; sourceTree = "<group>"; };
		F405A8D429EDB8CF00D6E25B /* SleepView.swift */ = {isa = PBXFileReference; lastKnownFileType = sourcecode.swift; path = SleepView.swift; sourceTree = "<group>"; };
		F41DB3372A133B56004CC405 /* FullMenuSample.json */ = {isa = PBXFileReference; fileEncoding = 4; lastKnownFileType = text.json; path = FullMenuSample.json; sourceTree = "<group>"; };
		F4397F582A01FDCF0065BD75 /* Enums.swift */ = {isa = PBXFileReference; lastKnownFileType = sourcecode.swift; path = Enums.swift; sourceTree = "<group>"; };
		F45DFBFF2A1467F200290975 /* FoodNutritionCellView.swift */ = {isa = PBXFileReference; fileEncoding = 4; lastKnownFileType = sourcecode.swift; path = FoodNutritionCellView.swift; sourceTree = "<group>"; };
		F45DFC002A1467F200290975 /* FoodBadgeView.swift */ = {isa = PBXFileReference; fileEncoding = 4; lastKnownFileType = sourcecode.swift; path = FoodBadgeView.swift; sourceTree = "<group>"; };
		F45DFC012A1467F200290975 /* FoodNutritionView.swift */ = {isa = PBXFileReference; fileEncoding = 4; lastKnownFileType = sourcecode.swift; path = FoodNutritionView.swift; sourceTree = "<group>"; };
		F45DFC022A1467F200290975 /* DetailedFoodCell.swift */ = {isa = PBXFileReference; fileEncoding = 4; lastKnownFileType = sourcecode.swift; path = DetailedFoodCell.swift; sourceTree = "<group>"; };
		F45DFC032A1467F200290975 /* SingleDetailedFoodCell.swift */ = {isa = PBXFileReference; fileEncoding = 4; lastKnownFileType = sourcecode.swift; path = SingleDetailedFoodCell.swift; sourceTree = "<group>"; };
		F45DFC0A2A14692500290975 /* StringExtension.swift */ = {isa = PBXFileReference; fileEncoding = 4; lastKnownFileType = sourcecode.swift; path = StringExtension.swift; sourceTree = "<group>"; };
		F45DFC102A1469A200290975 /* GenericButtonWithLabelView.swift */ = {isa = PBXFileReference; fileEncoding = 4; lastKnownFileType = sourcecode.swift; path = GenericButtonWithLabelView.swift; sourceTree = "<group>"; };
		F45DFC112A1469A200290975 /* GenericButtonWithoutLabel.swift */ = {isa = PBXFileReference; fileEncoding = 4; lastKnownFileType = sourcecode.swift; path = GenericButtonWithoutLabel.swift; sourceTree = "<group>"; };
		F45DFC122A1469A200290975 /* ExpandButtonView.swift */ = {isa = PBXFileReference; fileEncoding = 4; lastKnownFileType = sourcecode.swift; path = ExpandButtonView.swift; sourceTree = "<group>"; };
		F45DFC182A14741200290975 /* MLFoodRecommendationSample.json */ = {isa = PBXFileReference; fileEncoding = 4; lastKnownFileType = text.json; path = MLFoodRecommendationSample.json; sourceTree = "<group>"; };
		F46A54F02A171FD900D114C8 /* MenuFoodCellView.swift */ = {isa = PBXFileReference; lastKnownFileType = sourcecode.swift; path = MenuFoodCellView.swift; sourceTree = "<group>"; };
		F46B68FD2A1448AB00DB36A5 /* Category.swift */ = {isa = PBXFileReference; lastKnownFileType = sourcecode.swift; path = Category.swift; sourceTree = "<group>"; };
		F46B68FF2A1448D300DB36A5 /* Food.swift */ = {isa = PBXFileReference; lastKnownFileType = sourcecode.swift; path = Food.swift; sourceTree = "<group>"; };
		F46B69012A144AA900DB36A5 /* MenuVM.swift */ = {isa = PBXFileReference; lastKnownFileType = sourcecode.swift; path = MenuVM.swift; sourceTree = "<group>"; };
		F46B69032A144C1A00DB36A5 /* Links.swift */ = {isa = PBXFileReference; lastKnownFileType = sourcecode.swift; path = Links.swift; sourceTree = "<group>"; };
		F46B69052A144D3300DB36A5 /* DecodingExtension.swift */ = {isa = PBXFileReference; lastKnownFileType = sourcecode.swift; path = DecodingExtension.swift; sourceTree = "<group>"; };
		F47A8D1B29F92B55004F6CDF /* LifePal.entitlements */ = {isa = PBXFileReference; lastKnownFileType = text.plist.entitlements; path = LifePal.entitlements; sourceTree = "<group>"; };
		F4F6EE2229FA0786002F9F87 /* HealthStoreManager.swift */ = {isa = PBXFileReference; lastKnownFileType = sourcecode.swift; path = HealthStoreManager.swift; sourceTree = "<group>"; };
		F4FD20332A01A694002154A5 /* ProfileView.swift */ = {isa = PBXFileReference; lastKnownFileType = sourcecode.swift; path = ProfileView.swift; sourceTree = "<group>"; };
		F4FD20352A01D1F4002154A5 /* Info.plist */ = {isa = PBXFileReference; lastKnownFileType = text.plist; path = Info.plist; sourceTree = "<group>"; };
		F4FD20362A01D88E002154A5 /* HealthVM.swift */ = {isa = PBXFileReference; lastKnownFileType = sourcecode.swift; path = HealthVM.swift; sourceTree = "<group>"; };
		F4FD20382A01E180002154A5 /* ProfileViewDataCell.swift */ = {isa = PBXFileReference; lastKnownFileType = sourcecode.swift; path = ProfileViewDataCell.swift; sourceTree = "<group>"; };
/* End PBXFileReference section */

/* Begin PBXFrameworksBuildPhase section */
		F405A8B829EDB63400D6E25B /* Frameworks */ = {
			isa = PBXFrameworksBuildPhase;
			buildActionMask = 2147483647;
			files = (
			);
			runOnlyForDeploymentPostprocessing = 0;
		};
/* End PBXFrameworksBuildPhase section */

/* Begin PBXGroup section */
		DC27233B2A16FDD1002E1386 /* FoodViews */ = {
			isa = PBXGroup;
			children = (
				F45DFBFC2A1467F200290975 /* FoodDetailViews */,
				F405A8D029EDB8A900D6E25B /* FoodView.swift */,
				DC27233E2A16FE5A002E1386 /* MenuView.swift */,
				F46A54F02A171FD900D114C8 /* MenuFoodCellView.swift */,
			);
			path = FoodViews;
			sourceTree = "<group>";
		};
		F405A8B229EDB63400D6E25B = {
			isa = PBXGroup;
			children = (
				F405A8BD29EDB63400D6E25B /* LifePal */,
				F405A8BC29EDB63400D6E25B /* Products */,
			);
			sourceTree = "<group>";
		};
		F405A8BC29EDB63400D6E25B /* Products */ = {
			isa = PBXGroup;
			children = (
				F405A8BB29EDB63400D6E25B /* LifePal.app */,
			);
			name = Products;
			sourceTree = "<group>";
		};
		F405A8BD29EDB63400D6E25B /* LifePal */ = {
			isa = PBXGroup;
			children = (
				F405A8BE29EDB63400D6E25B /* LifePalApp.swift */,
				F405A8CC29EDB88200D6E25B /* Views */,
				F405A8CD29EDB88C00D6E25B /* ViewModels */,
				F405A8CE29EDB89200D6E25B /* Models */,
				F405A8CF29EDB89800D6E25B /* Helpers */,
				F41DB3362A133AEF004CC405 /* Local JSONs */,
				F405A8C229EDB63500D6E25B /* Assets.xcassets */,
				F4FD20352A01D1F4002154A5 /* Info.plist */,
				F47A8D1B29F92B55004F6CDF /* LifePal.entitlements */,
				F405A8C429EDB63500D6E25B /* Preview Content */,
			);
			path = LifePal;
			sourceTree = "<group>";
		};
		F405A8C429EDB63500D6E25B /* Preview Content */ = {
			isa = PBXGroup;
			children = (
				F405A8C529EDB63500D6E25B /* Preview Assets.xcassets */,
			);
			path = "Preview Content";
			sourceTree = "<group>";
		};
		F405A8CC29EDB88200D6E25B /* Views */ = {
			isa = PBXGroup;
			children = (
				F405A8C029EDB63400D6E25B /* MainView.swift */,
				DC27233B2A16FDD1002E1386 /* FoodViews */,
				F46A54EE2A171CE500D114C8 /* WaterViews */,
				F46A54EF2A171CEE00D114C8 /* SleepViews */,
				F45550B12A16D60800629A66 /* ProfileViews */,
				F45DFC0F2A1469A200290975 /* Buttons */,
			);
			path = Views;
			sourceTree = "<group>";
		};
		F405A8CD29EDB88C00D6E25B /* ViewModels */ = {
			isa = PBXGroup;
			children = (
				F4FD20362A01D88E002154A5 /* HealthVM.swift */,
				F46B69012A144AA900DB36A5 /* MenuVM.swift */,
			);
			path = ViewModels;
			sourceTree = "<group>";
		};
		F405A8CE29EDB89200D6E25B /* Models */ = {
			isa = PBXGroup;
			children = (
				F46B68FD2A1448AB00DB36A5 /* Category.swift */,
				F46B68FF2A1448D300DB36A5 /* Food.swift */,
				DC9F04362A22F91E00A7024E /* Water.swift */,
				F4F6EE2229FA0786002F9F87 /* HealthStoreManager.swift */,
			);
			path = Models;
			sourceTree = "<group>";
		};
		F405A8CF29EDB89800D6E25B /* Helpers */ = {
			isa = PBXGroup;
			children = (
				F45DFC0A2A14692500290975 /* StringExtension.swift */,
				F4397F582A01FDCF0065BD75 /* Enums.swift */,
				F46B69032A144C1A00DB36A5 /* Links.swift */,
				F46B69052A144D3300DB36A5 /* DecodingExtension.swift */,
			);
			path = Helpers;
			sourceTree = "<group>";
		};
		F41DB3362A133AEF004CC405 /* Local JSONs */ = {
			isa = PBXGroup;
			children = (
				F45DFC182A14741200290975 /* MLFoodRecommendationSample.json */,
				F41DB3372A133B56004CC405 /* FullMenuSample.json */,
			);
			path = "Local JSONs";
			sourceTree = "<group>";
		};
		F45550B12A16D60800629A66 /* ProfileViews */ = {
			isa = PBXGroup;
			children = (
				F4FD20332A01A694002154A5 /* ProfileView.swift */,
				F4FD20382A01E180002154A5 /* ProfileViewDataCell.swift */,
			);
			path = ProfileViews;
			sourceTree = "<group>";
		};
		F45DFBFC2A1467F200290975 /* FoodDetailViews */ = {
			isa = PBXGroup;
			children = (
				F45DFBFE2A1467F200290975 /* FoodNutritionView */,
				F45DFC032A1467F200290975 /* SingleDetailedFoodCell.swift */,
				F45DFC022A1467F200290975 /* DetailedFoodCell.swift */,
			);
			path = FoodDetailViews;
			sourceTree = "<group>";
		};
		F45DFBFE2A1467F200290975 /* FoodNutritionView */ = {
			isa = PBXGroup;
			children = (
				F45DFBFF2A1467F200290975 /* FoodNutritionCellView.swift */,
				F45DFC002A1467F200290975 /* FoodBadgeView.swift */,
				F45DFC012A1467F200290975 /* FoodNutritionView.swift */,
			);
			path = FoodNutritionView;
			sourceTree = "<group>";
		};
		F45DFC0F2A1469A200290975 /* Buttons */ = {
			isa = PBXGroup;
			children = (
				F45DFC102A1469A200290975 /* GenericButtonWithLabelView.swift */,
				F45DFC112A1469A200290975 /* GenericButtonWithoutLabel.swift */,
				F45DFC122A1469A200290975 /* ExpandButtonView.swift */,
			);
			path = Buttons;
			sourceTree = "<group>";
		};
		F46A54EE2A171CE500D114C8 /* WaterViews */ = {
			isa = PBXGroup;
			children = (
				F405A8D229EDB8BE00D6E25B /* WaterView.swift */,
			);
			path = WaterViews;
			sourceTree = "<group>";
		};
		F46A54EF2A171CEE00D114C8 /* SleepViews */ = {
			isa = PBXGroup;
			children = (
				F405A8D429EDB8CF00D6E25B /* SleepView.swift */,
			);
			path = SleepViews;
			sourceTree = "<group>";
		};
/* End PBXGroup section */

/* Begin PBXNativeTarget section */
		F405A8BA29EDB63400D6E25B /* LifePal */ = {
			isa = PBXNativeTarget;
			buildConfigurationList = F405A8C929EDB63500D6E25B /* Build configuration list for PBXNativeTarget "LifePal" */;
			buildPhases = (
				F405A8B729EDB63400D6E25B /* Sources */,
				F405A8B829EDB63400D6E25B /* Frameworks */,
				F405A8B929EDB63400D6E25B /* Resources */,
			);
			buildRules = (
			);
			dependencies = (
			);
			name = LifePal;
			productName = LifePal;
			productReference = F405A8BB29EDB63400D6E25B /* LifePal.app */;
			productType = "com.apple.product-type.application";
		};
/* End PBXNativeTarget section */

/* Begin PBXProject section */
		F405A8B329EDB63400D6E25B /* Project object */ = {
			isa = PBXProject;
			attributes = {
				BuildIndependentTargetsInParallel = 1;
				LastSwiftUpdateCheck = 1430;
				LastUpgradeCheck = 1430;
				TargetAttributes = {
					F405A8BA29EDB63400D6E25B = {
						CreatedOnToolsVersion = 14.3;
					};
				};
			};
			buildConfigurationList = F405A8B629EDB63400D6E25B /* Build configuration list for PBXProject "LifePal" */;
			compatibilityVersion = "Xcode 14.0";
			developmentRegion = en;
			hasScannedForEncodings = 0;
			knownRegions = (
				en,
				Base,
			);
			mainGroup = F405A8B229EDB63400D6E25B;
			productRefGroup = F405A8BC29EDB63400D6E25B /* Products */;
			projectDirPath = "";
			projectRoot = "";
			targets = (
				F405A8BA29EDB63400D6E25B /* LifePal */,
			);
		};
/* End PBXProject section */

/* Begin PBXResourcesBuildPhase section */
		F405A8B929EDB63400D6E25B /* Resources */ = {
			isa = PBXResourcesBuildPhase;
			buildActionMask = 2147483647;
			files = (
				F45DFC192A14741200290975 /* MLFoodRecommendationSample.json in Resources */,
				F41DB3382A133B56004CC405 /* FullMenuSample.json in Resources */,
				F405A8C629EDB63500D6E25B /* Preview Assets.xcassets in Resources */,
				F405A8C329EDB63500D6E25B /* Assets.xcassets in Resources */,
			);
			runOnlyForDeploymentPostprocessing = 0;
		};
/* End PBXResourcesBuildPhase section */

/* Begin PBXSourcesBuildPhase section */
		F405A8B729EDB63400D6E25B /* Sources */ = {
			isa = PBXSourcesBuildPhase;
			buildActionMask = 2147483647;
			files = (
				F4FD20342A01A694002154A5 /* ProfileView.swift in Sources */,
				F45DFC082A1467F200290975 /* DetailedFoodCell.swift in Sources */,
				F405A8D329EDB8BE00D6E25B /* WaterView.swift in Sources */,
				F4F6EE2329FA0786002F9F87 /* HealthStoreManager.swift in Sources */,
				F4397F592A01FDCF0065BD75 /* Enums.swift in Sources */,
				F45DFC142A1469A200290975 /* GenericButtonWithLabelView.swift in Sources */,
				F405A8D129EDB8A900D6E25B /* FoodView.swift in Sources */,
				F46B69002A1448D300DB36A5 /* Food.swift in Sources */,
				F4FD20372A01D88E002154A5 /* HealthVM.swift in Sources */,
				F45DFC152A1469A200290975 /* GenericButtonWithoutLabel.swift in Sources */,
				F405A8C129EDB63400D6E25B /* MainView.swift in Sources */,
				F405A8D529EDB8CF00D6E25B /* SleepView.swift in Sources */,
				F45DFC092A1467F200290975 /* SingleDetailedFoodCell.swift in Sources */,
				DC9F04372A22F91E00A7024E /* Water.swift in Sources */,
				F45DFC162A1469A200290975 /* ExpandButtonView.swift in Sources */,
				F46B69062A144D3300DB36A5 /* DecodingExtension.swift in Sources */,
				F45DFC062A1467F200290975 /* FoodBadgeView.swift in Sources */,
				F46A54F12A171FD900D114C8 /* MenuFoodCellView.swift in Sources */,
				F4FD20392A01E180002154A5 /* ProfileViewDataCell.swift in Sources */,
				F46B69022A144AA900DB36A5 /* MenuVM.swift in Sources */,
				F46B69042A144C1A00DB36A5 /* Links.swift in Sources */,
				F45DFC072A1467F200290975 /* FoodNutritionView.swift in Sources */,
				F45DFC052A1467F200290975 /* FoodNutritionCellView.swift in Sources */,
				F405A8BF29EDB63400D6E25B /* LifePalApp.swift in Sources */,
				F45DFC0B2A14692500290975 /* StringExtension.swift in Sources */,
				DC27233F2A16FE5A002E1386 /* MenuView.swift in Sources */,
				F46B68FE2A1448AB00DB36A5 /* Category.swift in Sources */,
			);
			runOnlyForDeploymentPostprocessing = 0;
		};
/* End PBXSourcesBuildPhase section */

/* Begin XCBuildConfiguration section */
		F405A8C729EDB63500D6E25B /* Debug */ = {
			isa = XCBuildConfiguration;
			buildSettings = {
				ALWAYS_SEARCH_USER_PATHS = NO;
				CLANG_ANALYZER_NONNULL = YES;
				CLANG_ANALYZER_NUMBER_OBJECT_CONVERSION = YES_AGGRESSIVE;
				CLANG_CXX_LANGUAGE_STANDARD = "gnu++20";
				CLANG_ENABLE_MODULES = YES;
				CLANG_ENABLE_OBJC_ARC = YES;
				CLANG_ENABLE_OBJC_WEAK = YES;
				CLANG_WARN_BLOCK_CAPTURE_AUTORELEASING = YES;
				CLANG_WARN_BOOL_CONVERSION = YES;
				CLANG_WARN_COMMA = YES;
				CLANG_WARN_CONSTANT_CONVERSION = YES;
				CLANG_WARN_DEPRECATED_OBJC_IMPLEMENTATIONS = YES;
				CLANG_WARN_DIRECT_OBJC_ISA_USAGE = YES_ERROR;
				CLANG_WARN_DOCUMENTATION_COMMENTS = YES;
				CLANG_WARN_EMPTY_BODY = YES;
				CLANG_WARN_ENUM_CONVERSION = YES;
				CLANG_WARN_INFINITE_RECURSION = YES;
				CLANG_WARN_INT_CONVERSION = YES;
				CLANG_WARN_NON_LITERAL_NULL_CONVERSION = YES;
				CLANG_WARN_OBJC_IMPLICIT_RETAIN_SELF = YES;
				CLANG_WARN_OBJC_LITERAL_CONVERSION = YES;
				CLANG_WARN_OBJC_ROOT_CLASS = YES_ERROR;
				CLANG_WARN_QUOTED_INCLUDE_IN_FRAMEWORK_HEADER = YES;
				CLANG_WARN_RANGE_LOOP_ANALYSIS = YES;
				CLANG_WARN_STRICT_PROTOTYPES = YES;
				CLANG_WARN_SUSPICIOUS_MOVE = YES;
				CLANG_WARN_UNGUARDED_AVAILABILITY = YES_AGGRESSIVE;
				CLANG_WARN_UNREACHABLE_CODE = YES;
				CLANG_WARN__DUPLICATE_METHOD_MATCH = YES;
				COPY_PHASE_STRIP = NO;
				DEBUG_INFORMATION_FORMAT = dwarf;
				ENABLE_STRICT_OBJC_MSGSEND = YES;
				ENABLE_TESTABILITY = YES;
				GCC_C_LANGUAGE_STANDARD = gnu11;
				GCC_DYNAMIC_NO_PIC = NO;
				GCC_NO_COMMON_BLOCKS = YES;
				GCC_OPTIMIZATION_LEVEL = 0;
				GCC_PREPROCESSOR_DEFINITIONS = (
					"DEBUG=1",
					"$(inherited)",
				);
				GCC_WARN_64_TO_32_BIT_CONVERSION = YES;
				GCC_WARN_ABOUT_RETURN_TYPE = YES_ERROR;
				GCC_WARN_UNDECLARED_SELECTOR = YES;
				GCC_WARN_UNINITIALIZED_AUTOS = YES_AGGRESSIVE;
				GCC_WARN_UNUSED_FUNCTION = YES;
				GCC_WARN_UNUSED_VARIABLE = YES;
				IPHONEOS_DEPLOYMENT_TARGET = 16.4;
				MTL_ENABLE_DEBUG_INFO = INCLUDE_SOURCE;
				MTL_FAST_MATH = YES;
				ONLY_ACTIVE_ARCH = YES;
				SDKROOT = iphoneos;
				SWIFT_ACTIVE_COMPILATION_CONDITIONS = DEBUG;
				SWIFT_OPTIMIZATION_LEVEL = "-Onone";
			};
			name = Debug;
		};
		F405A8C829EDB63500D6E25B /* Release */ = {
			isa = XCBuildConfiguration;
			buildSettings = {
				ALWAYS_SEARCH_USER_PATHS = NO;
				CLANG_ANALYZER_NONNULL = YES;
				CLANG_ANALYZER_NUMBER_OBJECT_CONVERSION = YES_AGGRESSIVE;
				CLANG_CXX_LANGUAGE_STANDARD = "gnu++20";
				CLANG_ENABLE_MODULES = YES;
				CLANG_ENABLE_OBJC_ARC = YES;
				CLANG_ENABLE_OBJC_WEAK = YES;
				CLANG_WARN_BLOCK_CAPTURE_AUTORELEASING = YES;
				CLANG_WARN_BOOL_CONVERSION = YES;
				CLANG_WARN_COMMA = YES;
				CLANG_WARN_CONSTANT_CONVERSION = YES;
				CLANG_WARN_DEPRECATED_OBJC_IMPLEMENTATIONS = YES;
				CLANG_WARN_DIRECT_OBJC_ISA_USAGE = YES_ERROR;
				CLANG_WARN_DOCUMENTATION_COMMENTS = YES;
				CLANG_WARN_EMPTY_BODY = YES;
				CLANG_WARN_ENUM_CONVERSION = YES;
				CLANG_WARN_INFINITE_RECURSION = YES;
				CLANG_WARN_INT_CONVERSION = YES;
				CLANG_WARN_NON_LITERAL_NULL_CONVERSION = YES;
				CLANG_WARN_OBJC_IMPLICIT_RETAIN_SELF = YES;
				CLANG_WARN_OBJC_LITERAL_CONVERSION = YES;
				CLANG_WARN_OBJC_ROOT_CLASS = YES_ERROR;
				CLANG_WARN_QUOTED_INCLUDE_IN_FRAMEWORK_HEADER = YES;
				CLANG_WARN_RANGE_LOOP_ANALYSIS = YES;
				CLANG_WARN_STRICT_PROTOTYPES = YES;
				CLANG_WARN_SUSPICIOUS_MOVE = YES;
				CLANG_WARN_UNGUARDED_AVAILABILITY = YES_AGGRESSIVE;
				CLANG_WARN_UNREACHABLE_CODE = YES;
				CLANG_WARN__DUPLICATE_METHOD_MATCH = YES;
				COPY_PHASE_STRIP = NO;
				DEBUG_INFORMATION_FORMAT = "dwarf-with-dsym";
				ENABLE_NS_ASSERTIONS = NO;
				ENABLE_STRICT_OBJC_MSGSEND = YES;
				GCC_C_LANGUAGE_STANDARD = gnu11;
				GCC_NO_COMMON_BLOCKS = YES;
				GCC_WARN_64_TO_32_BIT_CONVERSION = YES;
				GCC_WARN_ABOUT_RETURN_TYPE = YES_ERROR;
				GCC_WARN_UNDECLARED_SELECTOR = YES;
				GCC_WARN_UNINITIALIZED_AUTOS = YES_AGGRESSIVE;
				GCC_WARN_UNUSED_FUNCTION = YES;
				GCC_WARN_UNUSED_VARIABLE = YES;
				IPHONEOS_DEPLOYMENT_TARGET = 16.4;
				MTL_ENABLE_DEBUG_INFO = NO;
				MTL_FAST_MATH = YES;
				SDKROOT = iphoneos;
				SWIFT_COMPILATION_MODE = wholemodule;
				SWIFT_OPTIMIZATION_LEVEL = "-O";
				VALIDATE_PRODUCT = YES;
			};
			name = Release;
		};
		F405A8CA29EDB63500D6E25B /* Debug */ = {
			isa = XCBuildConfiguration;
			buildSettings = {
				ASSETCATALOG_COMPILER_APPICON_NAME = AppIcon;
				ASSETCATALOG_COMPILER_GLOBAL_ACCENT_COLOR_NAME = AccentColor;
				CODE_SIGN_ENTITLEMENTS = LifePal/LifePal.entitlements;
				CODE_SIGN_STYLE = Automatic;
				CURRENT_PROJECT_VERSION = 1;
				DEVELOPMENT_ASSET_PATHS = "\"LifePal/Preview Content\"";
				DEVELOPMENT_TEAM = WMFKF24VVS;
				ENABLE_PREVIEWS = YES;
				GENERATE_INFOPLIST_FILE = YES;
				INFOPLIST_FILE = LifePal/Info.plist;
				INFOPLIST_KEY_CFBundleDisplayName = LifePal;
				INFOPLIST_KEY_LSApplicationCategoryType = "public.app-category.healthcare-fitness";
				INFOPLIST_KEY_NSHealthClinicalHealthRecordsShareUsageDescription = "LifePal needs to access your health data to provide recommendations.";
				INFOPLIST_KEY_NSHealthShareUsageDescription = "LifePal needs to access your health data to provide recommendations.";
				INFOPLIST_KEY_NSHealthUpdateUsageDescription = "LifePal needs to access your health data to provide recommendations.";
				INFOPLIST_KEY_NSMicrophoneUsageDescription = "LifePal needs to access your microphone";
				INFOPLIST_KEY_UIApplicationSceneManifest_Generation = YES;
				INFOPLIST_KEY_UIApplicationSupportsIndirectInputEvents = YES;
				INFOPLIST_KEY_UILaunchScreen_Generation = YES;
				INFOPLIST_KEY_UISupportedInterfaceOrientations = UIInterfaceOrientationPortrait;
				LD_RUNPATH_SEARCH_PATHS = (
					"$(inherited)",
					"@executable_path/Frameworks",
				);
				MARKETING_VERSION = 1.0;
				PRODUCT_BUNDLE_IDENTIFIER = "com.shengyuan-lu.LifePal";
				PRODUCT_NAME = "$(TARGET_NAME)";
				SUPPORTED_PLATFORMS = "iphoneos iphonesimulator";
				SUPPORTS_MACCATALYST = NO;
				SUPPORTS_MAC_DESIGNED_FOR_IPHONE_IPAD = NO;
				SWIFT_EMIT_LOC_STRINGS = YES;
				SWIFT_VERSION = 5.0;
				TARGETED_DEVICE_FAMILY = 1;
			};
			name = Debug;
		};
		F405A8CB29EDB63500D6E25B /* Release */ = {
			isa = XCBuildConfiguration;
			buildSettings = {
				ASSETCATALOG_COMPILER_APPICON_NAME = AppIcon;
				ASSETCATALOG_COMPILER_GLOBAL_ACCENT_COLOR_NAME = AccentColor;
				CODE_SIGN_ENTITLEMENTS = LifePal/LifePal.entitlements;
				CODE_SIGN_STYLE = Automatic;
				CURRENT_PROJECT_VERSION = 1;
				DEVELOPMENT_ASSET_PATHS = "\"LifePal/Preview Content\"";
				DEVELOPMENT_TEAM = WMFKF24VVS;
				ENABLE_PREVIEWS = YES;
				GENERATE_INFOPLIST_FILE = YES;
				INFOPLIST_FILE = LifePal/Info.plist;
				INFOPLIST_KEY_CFBundleDisplayName = LifePal;
				INFOPLIST_KEY_LSApplicationCategoryType = "public.app-category.healthcare-fitness";
				INFOPLIST_KEY_NSHealthClinicalHealthRecordsShareUsageDescription = "LifePal needs to access your health data to provide recommendations.";
				INFOPLIST_KEY_NSHealthShareUsageDescription = "LifePal needs to access your health data to provide recommendations.";
				INFOPLIST_KEY_NSHealthUpdateUsageDescription = "LifePal needs to access your health data to provide recommendations.";
				INFOPLIST_KEY_NSMicrophoneUsageDescription = "LifePal needs to access your microphone";
				INFOPLIST_KEY_UIApplicationSceneManifest_Generation = YES;
				INFOPLIST_KEY_UIApplicationSupportsIndirectInputEvents = YES;
				INFOPLIST_KEY_UILaunchScreen_Generation = YES;
				INFOPLIST_KEY_UISupportedInterfaceOrientations = UIInterfaceOrientationPortrait;
				LD_RUNPATH_SEARCH_PATHS = (
					"$(inherited)",
					"@executable_path/Frameworks",
				);
				MARKETING_VERSION = 1.0;
				PRODUCT_BUNDLE_IDENTIFIER = "com.shengyuan-lu.LifePal";
				PRODUCT_NAME = "$(TARGET_NAME)";
				SUPPORTED_PLATFORMS = "iphoneos iphonesimulator";
				SUPPORTS_MACCATALYST = NO;
				SUPPORTS_MAC_DESIGNED_FOR_IPHONE_IPAD = NO;
				SWIFT_EMIT_LOC_STRINGS = YES;
				SWIFT_VERSION = 5.0;
				TARGETED_DEVICE_FAMILY = 1;
			};
			name = Release;
		};
/* End XCBuildConfiguration section */

/* Begin XCConfigurationList section */
		F405A8B629EDB63400D6E25B /* Build configuration list for PBXProject "LifePal" */ = {
			isa = XCConfigurationList;
			buildConfigurations = (
				F405A8C729EDB63500D6E25B /* Debug */,
				F405A8C829EDB63500D6E25B /* Release */,
			);
			defaultConfigurationIsVisible = 0;
			defaultConfigurationName = Release;
		};
		F405A8C929EDB63500D6E25B /* Build configuration list for PBXNativeTarget "LifePal" */ = {
			isa = XCConfigurationList;
			buildConfigurations = (
				F405A8CA29EDB63500D6E25B /* Debug */,
				F405A8CB29EDB63500D6E25B /* Release */,
			);
			defaultConfigurationIsVisible = 0;
			defaultConfigurationName = Release;
		};
/* End XCConfigurationList section */
	};
	rootObject = F405A8B329EDB63400D6E25B /* Project object */;
}
